# THIS IS AN AUTOGENERATED FILE. DO NOT EDIT THIS FILE DIRECTLY.
# yarn lockfile v1


npm-dependencies-lettuce@^1.0.0:
  version "1.0.0"
  resolved "https://registry.yarnpkg.com/npm-dependencies-lettuce/-/npm-dependencies-lettuce-1.0.0.tgz#2bfc94ae9ea5e8eb9b2f2afe024689d5f5ed24ae"
  integrity sha512-10RVu4NXW+sNB6AdXksKdlXyW7UYN9uwK9YVsuQDvdXqk/pzOaE7OUADKhXp3DLI5fOMNxrwhI4LAE1Wb7dbsw==

npm-dependencies-salad@^1.0.2:
  version "1.0.2"
  resolved "https://registry.yarnpkg.com/npm-dependencies-salad/-/npm-dependencies-salad-1.0.2.tgz#9bf0cfb3934fc0af84a48de13ff16bf75c3c8e81"
  integrity sha512-jOkz1jOBOBCwNpziUj1scud4KX2tXoWIoa72dPpxHArA1GOepyxCb4EvKYG6HDYtChQfu6qK35heWD4iAgc4Yw==
  dependencies:
    npm-dependencies-lettuce "^1.0.0"

npm-dependencies-taco@^1.0.0:
  version "1.0.0"
  resolved "https://registry.yarnpkg.com/npm-dependencies-taco/-/npm-dependencies-taco-1.0.0.tgz#33ad4667f90a6f81e9fdafa4006f65e34210dc62"
  integrity sha512-jDtF2k4qpBAuf63/piXanAXCsm8cNT8B6GwTI3wnUfd4ITOm+cXhFAWPvqL7M1aXvF0p+4ixB6DGBlHaI8aejA==
  dependencies:
    npm-dependencies-lettuce "^1.0.0"
